// !$*UTF8*$!
{
	archiveVersion = 1;
	classes = {
	};
	objectVersion = 46;
	objects = {

/* Begin PBXBuildFile section */
		218B1B7C1B0F6783004E03F1 /* AppDelegate.swift in Sources */ = {isa = PBXBuildFile; fileRef = 218B1B7B1B0F6783004E03F1 /* AppDelegate.swift */; };
		218B1B7E1B0F6783004E03F1 /* ViewController.swift in Sources */ = {isa = PBXBuildFile; fileRef = 218B1B7D1B0F6783004E03F1 /* ViewController.swift */; };
		218B1B811B0F6783004E03F1 /* Main.storyboard in Resources */ = {isa = PBXBuildFile; fileRef = 218B1B7F1B0F6783004E03F1 /* Main.storyboard */; };
		218B1B831B0F6783004E03F1 /* Images.xcassets in Resources */ = {isa = PBXBuildFile; fileRef = 218B1B821B0F6783004E03F1 /* Images.xcassets */; };
		218B1B861B0F6783004E03F1 /* LaunchScreen.xib in Resources */ = {isa = PBXBuildFile; fileRef = 218B1B841B0F6783004E03F1 /* LaunchScreen.xib */; };
		218B1B921B0F6783004E03F1 /* SimpleCounterTests.swift in Sources */ = {isa = PBXBuildFile; fileRef = 218B1B911B0F6783004E03F1 /* SimpleCounterTests.swift */; };
/* End PBXBuildFile section */

/* Begin PBXContainerItemProxy section */
		218B1B8C1B0F6783004E03F1 /* PBXContainerItemProxy */ = {
			isa = PBXContainerItemProxy;
			containerPortal = 218B1B6E1B0F6782004E03F1 /* Project object */;
			proxyType = 1;
			remoteGlobalIDString = 218B1B751B0F6783004E03F1;
			remoteInfo = SimpleCounter;
		};
/* End PBXContainerItemProxy section */

/* Begin PBXFileReference section */
		218B1B761B0F6783004E03F1 /* SimpleCounter.app */ = {isa = PBXFileReference; explicitFileType = wrapper.application; includeInIndex = 0; path = SimpleCounter.app; sourceTree = BUILT_PRODUCTS_DIR; };
		218B1B7A1B0F6783004E03F1 /* Info.plist */ = {isa = PBXFileReference; lastKnownFileType = text.plist.xml; path = Info.plist; sourceTree = "<group>"; };
		218B1B7B1B0F6783004E03F1 /* AppDelegate.swift */ = {isa = PBXFileReference; lastKnownFileType = sourcecode.swift; path = AppDelegate.swift; sourceTree = "<group>"; };
		218B1B7D1B0F6783004E03F1 /* ViewController.swift */ = {isa = PBXFileReference; lastKnownFileType = sourcecode.swift; path = ViewController.swift; sourceTree = "<group>"; };
		218B1B801B0F6783004E03F1 /* Base */ = {isa = PBXFileReference; lastKnownFileType = file.storyboard; name = Base; path = Base.lproj/Main.storyboard; sourceTree = "<group>"; };
		218B1B821B0F6783004E03F1 /* Images.xcassets */ = {isa = PBXFileReference; lastKnownFileType = folder.assetcatalog; path = Images.xcassets; sourceTree = "<group>"; };
		218B1B851B0F6783004E03F1 /* Base */ = {isa = PBXFileReference; lastKnownFileType = file.xib; name = Base; path = Base.lproj/LaunchScreen.xib; sourceTree = "<group>"; };
		218B1B8B1B0F6783004E03F1 /* SimpleCounterTests.xctest */ = {isa = PBXFileReference; explicitFileType = wrapper.cfbundle; includeInIndex = 0; path = SimpleCounterTests.xctest; sourceTree = BUILT_PRODUCTS_DIR; };
		218B1B901B0F6783004E03F1 /* Info.plist */ = {isa = PBXFileReference; lastKnownFileType = text.plist.xml; path = Info.plist; sourceTree = "<group>"; };
		218B1B911B0F6783004E03F1 /* SimpleCounterTests.swift */ = {isa = PBXFileReference; lastKnownFileType = sourcecode.swift; path = SimpleCounterTests.swift; sourceTree = "<group>"; };
/* End PBXFileReference section */

/* Begin PBXFrameworksBuildPhase section */
		218B1B731B0F6783004E03F1 /* Frameworks */ = {
			isa = PBXFrameworksBuildPhase;
			buildActionMask = 2147483647;
			files = (
			);
			runOnlyForDeploymentPostprocessing = 0;
		};
		218B1B881B0F6783004E03F1 /* Frameworks */ = {
			isa = PBXFrameworksBuildPhase;
			buildActionMask = 2147483647;
			files = (
			);
			runOnlyForDeploymentPostprocessing = 0;
		};
/* End PBXFrameworksBuildPhase section */

/* Begin PBXGroup section */
		218B1B6D1B0F6782004E03F1 = {
			isa = PBXGroup;
			children = (
				218B1B781B0F6783004E03F1 /* SimpleCounter */,
				218B1B8E1B0F6783004E03F1 /* SimpleCounterTests */,
				218B1B771B0F6783004E03F1 /* Products */,
			);
			sourceTree = "<group>";
		};
		218B1B771B0F6783004E03F1 /* Products */ = {
			isa = PBXGroup;
			children = (
				218B1B761B0F6783004E03F1 /* SimpleCounter.app */,
				218B1B8B1B0F6783004E03F1 /* SimpleCounterTests.xctest */,
			);
			name = Products;
			sourceTree = "<group>";
		};
		218B1B781B0F6783004E03F1 /* SimpleCounter */ = {
			isa = PBXGroup;
			children = (
				218B1B7B1B0F6783004E03F1 /* AppDelegate.swift */,
				218B1B7D1B0F6783004E03F1 /* ViewController.swift */,
				218B1B7F1B0F6783004E03F1 /* Main.storyboard */,
				218B1B821B0F6783004E03F1 /* Images.xcassets */,
				218B1B841B0F6783004E03F1 /* LaunchScreen.xib */,
				218B1B791B0F6783004E03F1 /* Supporting Files */,
			);
			path = SimpleCounter;
			sourceTree = "<group>";
		};
		218B1B791B0F6783004E03F1 /* Supporting Files */ = {
			isa = PBXGroup;
			children = (
				218B1B7A1B0F6783004E03F1 /* Info.plist */,
			);
			name = "Supporting Files";
			sourceTree = "<group>";
		};
		218B1B8E1B0F6783004E03F1 /* SimpleCounterTests */ = {
			isa = PBXGroup;
			children = (
				218B1B911B0F6783004E03F1 /* SimpleCounterTests.swift */,
				218B1B8F1B0F6783004E03F1 /* Supporting Files */,
			);
			path = SimpleCounterTests;
			sourceTree = "<group>";
		};
		218B1B8F1B0F6783004E03F1 /* Supporting Files */ = {
			isa = PBXGroup;
			children = (
				218B1B901B0F6783004E03F1 /* Info.plist */,
			);
			name = "Supporting Files";
			sourceTree = "<group>";
		};
/* End PBXGroup section */

/* Begin PBXNativeTarget section */
		218B1B751B0F6783004E03F1 /* SimpleCounter */ = {
			isa = PBXNativeTarget;
			buildConfigurationList = 218B1B951B0F6783004E03F1 /* Build configuration list for PBXNativeTarget "SimpleCounter" */;
			buildPhases = (
				218B1B721B0F6783004E03F1 /* Sources */,
				218B1B731B0F6783004E03F1 /* Frameworks */,
				218B1B741B0F6783004E03F1 /* Resources */,
			);
			buildRules = (
			);
			dependencies = (
			);
			name = SimpleCounter;
			productName = SimpleCounter;
			productReference = 218B1B761B0F6783004E03F1 /* SimpleCounter.app */;
			productType = "com.apple.product-type.application";
		};
		218B1B8A1B0F6783004E03F1 /* SimpleCounterTests */ = {
			isa = PBXNativeTarget;
			buildConfigurationList = 218B1B981B0F6783004E03F1 /* Build configuration list for PBXNativeTarget "SimpleCounterTests" */;
			buildPhases = (
				218B1B871B0F6783004E03F1 /* Sources */,
				218B1B881B0F6783004E03F1 /* Frameworks */,
				218B1B891B0F6783004E03F1 /* Resources */,
			);
			buildRules = (
			);
			dependencies = (
				218B1B8D1B0F6783004E03F1 /* PBXTargetDependency */,
			);
			name = SimpleCounterTests;
			productName = SimpleCounterTests;
			productReference = 218B1B8B1B0F6783004E03F1 /* SimpleCounterTests.xctest */;
			productType = "com.apple.product-type.bundle.unit-test";
		};
/* End PBXNativeTarget section */

/* Begin PBXProject section */
		218B1B6E1B0F6782004E03F1 /* Project object */ = {
			isa = PBXProject;
			attributes = {
				LastUpgradeCheck = 0630;
				ORGANIZATIONNAME = Kosuke;
				TargetAttributes = {
					218B1B751B0F6783004E03F1 = {
						CreatedOnToolsVersion = 6.3.2;
					};
					218B1B8A1B0F6783004E03F1 = {
						CreatedOnToolsVersion = 6.3.2;
						TestTargetID = 218B1B751B0F6783004E03F1;
					};
				};
			};
			buildConfigurationList = 218B1B711B0F6782004E03F1 /* Build configuration list for PBXProject "SimpleCounter" */;
			compatibilityVersion = "Xcode 3.2";
			developmentRegion = English;
			hasScannedForEncodings = 0;
			knownRegions = (
				en,
				Base,
			);
			mainGroup = 218B1B6D1B0F6782004E03F1;
			productRefGroup = 218B1B771B0F6783004E03F1 /* Products */;
			projectDirPath = "";
			projectRoot = "";
			targets = (
				218B1B751B0F6783004E03F1 /* SimpleCounter */,
				218B1B8A1B0F6783004E03F1 /* SimpleCounterTests */,
			);
		};
/* End PBXProject section */

/* Begin PBXResourcesBuildPhase section */
		218B1B741B0F6783004E03F1 /* Resources */ = {
			isa = PBXResourcesBuildPhase;
			buildActionMask = 2147483647;
			files = (
				218B1B811B0F6783004E03F1 /* Main.storyboard in Resources */,
				218B1B861B0F6783004E03F1 /* LaunchScreen.xib in Resources */,
				218B1B831B0F6783004E03F1 /* Images.xcassets in Resources */,
			);
			runOnlyForDeploymentPostprocessing = 0;
		};
		218B1B891B0F6783004E03F1 /* Resources */ = {
			isa = PBXResourcesBuildPhase;
			buildActionMask = 2147483647;
			files = (
			);
			runOnlyForDeploymentPostprocessing = 0;
		};
/* End PBXResourcesBuildPhase section */

/* Begin PBXSourcesBuildPhase section */
		218B1B721B0F6783004E03F1 /* Sources */ = {
			isa = PBXSourcesBuildPhase;
			buildActionMask = 2147483647;
			files = (
				218B1B7E1B0F6783004E03F1 /* ViewController.swift in Sources */,
				218B1B7C1B0F6783004E03F1 /* AppDelegate.swift in Sources */,
			);
			runOnlyForDeploymentPostprocessing = 0;
		};
		218B1B871B0F6783004E03F1 /* Sources */ = {
			isa = PBXSourcesBuildPhase;
			buildActionMask = 2147483647;
			files = (
				218B1B921B0F6783004E03F1 /* SimpleCounterTests.swift in Sources */,
			);
			runOnlyForDeploymentPostprocessing = 0;
		};
/* End PBXSourcesBuildPhase section */

/* Begin PBXTargetDependency section */
		218B1B8D1B0F6783004E03F1 /* PBXTargetDependency */ = {
			isa = PBXTargetDependency;
			target = 218B1B751B0F6783004E03F1 /* SimpleCounter */;
			targetProxy = 218B1B8C1B0F6783004E03F1 /* PBXContainerItemProxy */;
		};
/* End PBXTargetDependency section */

/* Begin PBXVariantGroup section */
		218B1B7F1B0F6783004E03F1 /* Main.storyboard */ = {
			isa = PBXVariantGroup;
			children = (
				218B1B801B0F6783004E03F1 /* Base */,
			);
			name = Main.storyboard;
			sourceTree = "<group>";
		};
		218B1B841B0F6783004E03F1 /* LaunchScreen.xib */ = {
			isa = PBXVariantGroup;
			children = (
				218B1B851B0F6783004E03F1 /* Base */,
			);
			name = LaunchScreen.xib;
			sourceTree = "<group>";
		};
/* End PBXVariantGroup section */

/* Begin XCBuildConfiguration section */
		218B1B931B0F6783004E03F1 /* Debug */ = {
			isa = XCBuildConfiguration;
			buildSettings = {
				ALWAYS_SEARCH_USER_PATHS = NO;
				CLANG_CXX_LANGUAGE_STANDARD = "gnu++0x";
				CLANG_CXX_LIBRARY = "libc++";
				CLANG_ENABLE_MODULES = YES;
				CLANG_ENABLE_OBJC_ARC = YES;
				CLANG_WARN_BOOL_CONVERSION = YES;
				CLANG_WARN_CONSTANT_CONVERSION = YES;
				CLANG_WARN_DIRECT_OBJC_ISA_USAGE = YES_ERROR;
				CLANG_WARN_EMPTY_BODY = YES;
				CLANG_WARN_ENUM_CONVERSION = YES;
				CLANG_WARN_INT_CONVERSION = YES;
				CLANG_WARN_OBJC_ROOT_CLASS = YES_ERROR;
				CLANG_WARN_UNREACHABLE_CODE = YES;
				CLANG_WARN__DUPLICATE_METHOD_MATCH = YES;
				"CODE_SIGN_IDENTITY[sdk=iphoneos*]" = "iPhone Developer";
				COPY_PHASE_STRIP = NO;
				DEBUG_INFORMATION_FORMAT = "dwarf-with-dsym";
				ENABLE_STRICT_OBJC_MSGSEND = YES;
				GCC_C_LANGUAGE_STANDARD = gnu99;
				GCC_DYNAMIC_NO_PIC = NO;
				GCC_NO_COMMON_BLOCKS = YES;
				GCC_OPTIMIZATION_LEVEL = 0;
				GCC_PREPROCESSOR_DEFINITIONS = (
					"DEBUG=1",
					"$(inherited)",
				);
				GCC_SYMBOLS_PRIVATE_EXTERN = NO;
				GCC_WARN_64_TO_32_BIT_CONVERSION = YES;
				GCC_WARN_ABOUT_RETURN_TYPE = YES_ERROR;
				GCC_WARN_UNDECLARED_SELECTOR = YES;
				GCC_WARN_UNINITIALIZED_AUTOS = YES_AGGRESSIVE;
				GCC_WARN_UNUSED_FUNCTION = YES;
				GCC_WARN_UNUSED_VARIABLE = YES;
				IPHONEOS_DEPLOYMENT_TARGET = 8.3;
				MTL_ENABLE_DEBUG_INFO = YES;
				ONLY_ACTIVE_ARCH = YES;
				SDKROOT = iphoneos;
				SWIFT_OPTIMIZATION_LEVEL = "-Onone";
			};
			name = Debug;
		};
		218B1B941B0F6783004E03F1 /* Release */ = {
			isa = XCBuildConfiguration;
			buildSettings = {
				ALWAYS_SEARCH_USER_PATHS = NO;
				CLANG_CXX_LANGUAGE_STANDARD = "gnu++0x";
				CLANG_CXX_LIBRARY = "libc++";
				CLANG_ENABLE_MODULES = YES;
				CLANG_ENABLE_OBJC_ARC = YES;
				CLANG_WARN_BOOL_CONVERSION = YES;
				CLANG_WARN_CONSTANT_CONVERSION = YES;
				CLANG_WARN_DIRECT_OBJC_ISA_USAGE = YES_ERROR;
				CLANG_WARN_EMPTY_BODY = YES;
				CLANG_WARN_ENUM_CONVERSION = YES;
				CLANG_WARN_INT_CONVERSION = YES;
				CLANG_WARN_OBJC_ROOT_CLASS = YES_ERROR;
				CLANG_WARN_UNREACHABLE_CODE = YES;
				CLANG_WARN__DUPLICATE_METHOD_MATCH = YES;
				"CODE_SIGN_IDENTITY[sdk=iphoneos*]" = "iPhone Developer";
				COPY_PHASE_STRIP = NO;
				DEBUG_INFORMATION_FORMAT = "dwarf-with-dsym";
				ENABLE_NS_ASSERTIONS = NO;
				ENABLE_STRICT_OBJC_MSGSEND = YES;
				GCC_C_LANGUAGE_STANDARD = gnu99;
				GCC_NO_COMMON_BLOCKS = YES;
				GCC_WARN_64_TO_32_BIT_CONVERSION = YES;
				GCC_WARN_ABOUT_RETURN_TYPE = YES_ERROR;
				GCC_WARN_UNDECLARED_SELECTOR = YES;
				GCC_WARN_UNINITIALIZED_AUTOS = YES_AGGRESSIVE;
				GCC_WARN_UNUSED_FUNCTION = YES;
				GCC_WARN_UNUSED_VARIABLE = YES;
				IPHONEOS_DEPLOYMENT_TARGET = 8.3;
				MTL_ENABLE_DEBUG_INFO = NO;
				SDKROOT = iphoneos;
				VALIDATE_PRODUCT = YES;
			};
			name = Release;
		};
		218B1B961B0F6783004E03F1 /* Debug */ = {
			isa = XCBuildConfiguration;
			buildSettings = {
				ASSETCATALOG_COMPILER_APPICON_NAME = AppIcon;
				INFOPLIST_FILE = SimpleCounter/Info.plist;
				LD_RUNPATH_SEARCH_PATHS = "$(inherited) @executable_path/Frameworks";
				PRODUCT_NAME = "$(TARGET_NAME)";
			};
			name = Debug;
		};
		218B1B971B0F6783004E03F1 /* Release */ = {
			isa = XCBuildConfiguration;
			buildSettings = {
				ASSETCATALOG_COMPILER_APPICON_NAME = AppIcon;
				INFOPLIST_FILE = SimpleCounter/Info.plist;
				LD_RUNPATH_SEARCH_PATHS = "$(inherited) @executable_path/Frameworks";
				PRODUCT_NAME = "$(TARGET_NAME)";
			};
			name = Release;
		};
		218B1B991B0F6783004E03F1 /* Debug */ = {
			isa = XCBuildConfiguration;
			buildSettings = {
				BUNDLE_LOADER = "$(TEST_HOST)";
				FRAMEWORK_SEARCH_PATHS = (
					"$(SDKROOT)/Developer/Library/Frameworks",
					"$(inherited)",
				);
				GCC_PREPROCESSOR_DEFINITIONS = (
					"DEBUG=1",
					"$(inherited)",
				);
				INFOPLIST_FILE = SimpleCounterTests/Info.plist;
				LD_RUNPATH_SEARCH_PATHS = "$(inherited) @executable_path/Frameworks @loader_path/Frameworks";
				PRODUCT_NAME = "$(TARGET_NAME)";
				TEST_HOST = "$(BUILT_PRODUCTS_DIR)/SimpleCounter.app/SimpleCounter";
			};
			name = Debug;
		};
		218B1B9A1B0F6783004E03F1 /* Release */ = {
			isa = XCBuildConfiguration;
			buildSettings = {
				BUNDLE_LOADER = "$(TEST_HOST)";
				FRAMEWORK_SEARCH_PATHS = (
					"$(SDKROOT)/Developer/Library/Frameworks",
					"$(inherited)",
				);
				INFOPLIST_FILE = SimpleCounterTests/Info.plist;
				LD_RUNPATH_SEARCH_PATHS = "$(inherited) @executable_path/Frameworks @loader_path/Frameworks";
				PRODUCT_NAME = "$(TARGET_NAME)";
				TEST_HOST = "$(BUILT_PRODUCTS_DIR)/SimpleCounter.app/SimpleCounter";
			};
			name = Release;
		};
/* End XCBuildConfiguration section */

/* Begin XCConfigurationList section */
		218B1B711B0F6782004E03F1 /* Build configuration list for PBXProject "SimpleCounter" */ = {
			isa = XCConfigurationList;
			buildConfigurations = (
				218B1B931B0F6783004E03F1 /* Debug */,
				218B1B941B0F6783004E03F1 /* Release */,
			);
			defaultConfigurationIsVisible = 0;
			defaultConfigurationName = Release;
		};
		218B1B951B0F6783004E03F1 /* Build configuration list for PBXNativeTarget "SimpleCounter" */ = {
			isa = XCConfigurationList;
			buildConfigurations = (
				218B1B961B0F6783004E03F1 /* Debug */,
				218B1B971B0F6783004E03F1 /* Release */,
			);
			defaultConfigurationIsVisible = 0;
		};
		218B1B981B0F6783004E03F1 /* Build configuration list for PBXNativeTarget "SimpleCounterTests" */ = {
			isa = XCConfigurationList;
			buildConfigurations = (
				218B1B991B0F6783004E03F1 /* Debug */,
				218B1B9A1B0F6783004E03F1 /* Release */,
			);
			defaultConfigurationIsVisible = 0;
		};
/* End XCConfigurationList section */
	};
	rootObject = 218B1B6E1B0F6782004E03F1 /* Project object */;
}
